
Microsoft Visual Studio Solution File, Format Version 12.00
# Visual Studio Version 17
VisualStudioVersion = 17.9.34902.65
MinimumVisualStudioVersion = 10.0.40219.1
Project("{9A19103F-16F7-4668-BE54-9A1E7A4F7556}") = "BenchmarkConsoleApp", "BenchmarkConsoleApp.csproj", "{36EDEEB7-FAF0-4791-BBAD-F21C67617062}"
EndProject
Global
	GlobalSection(SolutionConfigurationPlatforms) = preSolution
		Debug|Any CPU = Debug|Any CPU
		Release|Any CPU = Release|Any CPU
	EndGlobalSection
	GlobalSection(ProjectConfigurationPlatforms) = postSolution
		{36EDEEB7-FAF0-4791-BBAD-F21C67617062}.Debug|Any CPU.ActiveCfg = Debug|Any CPU
		{36EDEEB7-FAF0-4791-BBAD-F21C67617062}.Debug|Any CPU.Build.0 = Debug|Any CPU
		{36EDEEB7-FAF0-4791-BBAD-F21C67617062}.Release|Any CPU.ActiveCfg = Release|Any CPU
		{36EDEEB7-FAF0-4791-BBAD-F21C67617062}.Release|Any CPU.Build.0 = Release|Any CPU
	EndGlobalSection
	GlobalSection(SolutionProperties) = preSolution
		HideSolutionNode = FALSE
	EndGlobalSection
	GlobalSection(ExtensibilityGlobals) = postSolution
		SolutionGuid = {0387F628-B28D-443E-88B1-E1C776CE2DFF}
	EndGlobalSection
EndGlobal
